// !$*UTF8*$!
{
	archiveVersion = 1;
	classes = {
	};
	objectVersion = 56;
	objects = {

/* Begin PBXBuildFile section */
		2FA2A69C2C13549F00D84090 /* asine.cxx in Sources */ = {isa = PBXBuildFile; fileRef = 2FA2A6992C13549F00D84090 /* asine.cxx */; };
		2FA2A69D2C13549F00D84090 /* atan.cxx in Sources */ = {isa = PBXBuildFile; fileRef = 2FA2A69A2C13549F00D84090 /* atan.cxx */; };
		2FA2A69E2C13549F00D84090 /* fixed.cxx in Sources */ = {isa = PBXBuildFile; fileRef = 2FA2A69B2C13549F00D84090 /* fixed.cxx */; };
		2FA2A6A42C1354D000D84090 /* recip.cxx in Sources */ = {isa = PBXBuildFile; fileRef = 2FA2A69F2C1354D000D84090 /* recip.cxx */; };
		2FA2A6A52C1354D000D84090 /* sqrt.cxx in Sources */ = {isa = PBXBuildFile; fileRef = 2FA2A6A02C1354D000D84090 /* sqrt.cxx */; };
		2FA2A6A62C1354D000D84090 /* scalar.cxx in Sources */ = {isa = PBXBuildFile; fileRef = 2FA2A6A12C1354D000D84090 /* scalar.cxx */; };
		2FA2A6A72C1354D000D84090 /* rotation.cxx in Sources */ = {isa = PBXBuildFile; fileRef = 2FA2A6A22C1354D000D84090 /* rotation.cxx */; };
		2FA2A6A82C1354D000D84090 /* sine.cxx in Sources */ = {isa = PBXBuildFile; fileRef = 2FA2A6A32C1354D000D84090 /* sine.cxx */; };
		2FA2A6AB2C1354F800D84090 /* vector.cxx in Sources */ = {isa = PBXBuildFile; fileRef = 2FA2A6A92C1354F800D84090 /* vector.cxx */; };
		2FA2A6AC2C1354F800D84090 /* transfrm.cxx in Sources */ = {isa = PBXBuildFile; fileRef = 2FA2A6AA2C1354F800D84090 /* transfrm.cxx */; };
		2FA2A6BB2C13552E00D84090 /* sqrt.h in Headers */ = {isa = PBXBuildFile; fileRef = 2FA2A6AD2C13552E00D84090 /* sqrt.h */; };
		2FA2A6BC2C13552E00D84090 /* anglebr.h in Headers */ = {isa = PBXBuildFile; fileRef = 2FA2A6AE2C13552E00D84090 /* anglebr.h */; };
		2FA2A6BD2C13552E00D84090 /* mlmath.h in Headers */ = {isa = PBXBuildFile; fileRef = 2FA2A6AF2C13552E00D84090 /* mlmath.h */; };
		2FA2A6BE2C13552E00D84090 /* 3dmath.h in Headers */ = {isa = PBXBuildFile; fileRef = 2FA2A6B02C13552E00D84090 /* 3dmath.h */; };
		2FA2A6BF2C13552E00D84090 /* atan.h in Headers */ = {isa = PBXBuildFile; fileRef = 2FA2A6B12C13552E00D84090 /* atan.h */; };
		2FA2A6C02C13552E00D84090 /* vector.h in Headers */ = {isa = PBXBuildFile; fileRef = 2FA2A6B22C13552E00D84090 /* vector.h */; };
		2FA2A6C12C13552E00D84090 /* angle.h in Headers */ = {isa = PBXBuildFile; fileRef = 2FA2A6B32C13552E00D84090 /* angle.h */; };
		2FA2A6C22C13552E00D84090 /* scalar.h in Headers */ = {isa = PBXBuildFile; fileRef = 2FA2A6B42C13552E00D84090 /* scalar.h */; };
		2FA2A6C32C13552E00D84090 /* transfrm.h in Headers */ = {isa = PBXBuildFile; fileRef = 2FA2A6B52C13552E00D84090 /* transfrm.h */; };
		2FA2A6C42C13552E00D84090 /* rotation.h in Headers */ = {isa = PBXBuildFile; fileRef = 2FA2A6B62C13552E00D84090 /* rotation.h */; };
		2FA2A6C52C13552E00D84090 /* trig.h in Headers */ = {isa = PBXBuildFile; fileRef = 2FA2A6B72C13552E00D84090 /* trig.h */; };
		2FA2A6C62C13552E00D84090 /* sine.h in Headers */ = {isa = PBXBuildFile; fileRef = 2FA2A6B82C13552E00D84090 /* sine.h */; };
		2FA2A6C72C13552E00D84090 /* asine.h in Headers */ = {isa = PBXBuildFile; fileRef = 2FA2A6B92C13552E00D84090 /* asine.h */; };
		2FA2A6C82C13552E00D84090 /* recip.h in Headers */ = {isa = PBXBuildFile; fileRef = 2FA2A6BA2C13552E00D84090 /* recip.h */; };
/* End PBXBuildFile section */

/* Begin PBXFileReference section */
		2FA2A6902C1353D600D84090 /* libmlmath.dylib */ = {isa = PBXFileReference; explicitFileType = "compiled.mach-o.dylib"; includeInIndex = 0; path = libmlmath.dylib; sourceTree = BUILT_PRODUCTS_DIR; };
		2FA2A6992C13549F00D84090 /* asine.cxx */ = {isa = PBXFileReference; fileEncoding = 4; lastKnownFileType = sourcecode.cpp.cpp; name = asine.cxx; path = ../../../common/src/asine.cxx; sourceTree = "<group>"; };
		2FA2A69A2C13549F00D84090 /* atan.cxx */ = {isa = PBXFileReference; fileEncoding = 4; lastKnownFileType = sourcecode.cpp.cpp; name = atan.cxx; path = ../../../common/src/atan.cxx; sourceTree = "<group>"; };
		2FA2A69B2C13549F00D84090 /* fixed.cxx */ = {isa = PBXFileReference; fileEncoding = 4; lastKnownFileType = sourcecode.cpp.cpp; name = fixed.cxx; path = ../../../common/src/fixed.cxx; sourceTree = "<group>"; };
		2FA2A69F2C1354D000D84090 /* recip.cxx */ = {isa = PBXFileReference; fileEncoding = 4; lastKnownFileType = sourcecode.cpp.cpp; name = recip.cxx; path = ../../../common/src/recip.cxx; sourceTree = "<group>"; };
		2FA2A6A02C1354D000D84090 /* sqrt.cxx */ = {isa = PBXFileReference; fileEncoding = 4; lastKnownFileType = sourcecode.cpp.cpp; name = sqrt.cxx; path = ../../../common/src/sqrt.cxx; sourceTree = "<group>"; };
		2FA2A6A12C1354D000D84090 /* scalar.cxx */ = {isa = PBXFileReference; fileEncoding = 4; lastKnownFileType = sourcecode.cpp.cpp; name = scalar.cxx; path = ../../../common/src/scalar.cxx; sourceTree = "<group>"; };
		2FA2A6A22C1354D000D84090 /* rotation.cxx */ = {isa = PBXFileReference; fileEncoding = 4; lastKnownFileType = sourcecode.cpp.cpp; name = rotation.cxx; path = ../../../common/src/rotation.cxx; sourceTree = "<group>"; };
		2FA2A6A32C1354D000D84090 /* sine.cxx */ = {isa = PBXFileReference; fileEncoding = 4; lastKnownFileType = sourcecode.cpp.cpp; name = sine.cxx; path = ../../../common/src/sine.cxx; sourceTree = "<group>"; };
		2FA2A6A92C1354F800D84090 /* vector.cxx */ = {isa = PBXFileReference; fileEncoding = 4; lastKnownFileType = sourcecode.cpp.cpp; name = vector.cxx; path = ../../../common/src/vector.cxx; sourceTree = "<group>"; };
		2FA2A6AA2C1354F800D84090 /* transfrm.cxx */ = {isa = PBXFileReference; fileEncoding = 4; lastKnownFileType = sourcecode.cpp.cpp; name = transfrm.cxx; path = ../../../common/src/transfrm.cxx; sourceTree = "<group>"; };
		2FA2A6AD2C13552E00D84090 /* sqrt.h */ = {isa = PBXFileReference; fileEncoding = 4; lastKnownFileType = sourcecode.c.h; name = sqrt.h; path = ../../../common/include/math/sqrt.h; sourceTree = "<group>"; };
		2FA2A6AE2C13552E00D84090 /* anglebr.h */ = {isa = PBXFileReference; fileEncoding = 4; lastKnownFileType = sourcecode.c.h; name = anglebr.h; path = ../../../common/include/math/anglebr.h; sourceTree = "<group>"; };
		2FA2A6AF2C13552E00D84090 /* mlmath.h */ = {isa = PBXFileReference; fileEncoding = 4; lastKnownFileType = sourcecode.c.h; name = mlmath.h; path = ../../../common/include/math/mlmath.h; sourceTree = "<group>"; };
		2FA2A6B02C13552E00D84090 /* 3dmath.h */ = {isa = PBXFileReference; fileEncoding = 4; lastKnownFileType = sourcecode.c.h; name = 3dmath.h; path = ../../../common/include/math/3dmath.h; sourceTree = "<group>"; };
		2FA2A6B12C13552E00D84090 /* atan.h */ = {isa = PBXFileReference; fileEncoding = 4; lastKnownFileType = sourcecode.c.h; name = atan.h; path = ../../../common/include/math/atan.h; sourceTree = "<group>"; };
		2FA2A6B22C13552E00D84090 /* vector.h */ = {isa = PBXFileReference; fileEncoding = 4; lastKnownFileType = sourcecode.c.h; name = vector.h; path = ../../../common/include/math/vector.h; sourceTree = "<group>"; };
		2FA2A6B32C13552E00D84090 /* angle.h */ = {isa = PBXFileReference; fileEncoding = 4; lastKnownFileType = sourcecode.c.h; name = angle.h; path = ../../../common/include/math/angle.h; sourceTree = "<group>"; };
		2FA2A6B42C13552E00D84090 /* scalar.h */ = {isa = PBXFileReference; fileEncoding = 4; lastKnownFileType = sourcecode.c.h; name = scalar.h; path = ../../../common/include/math/scalar.h; sourceTree = "<group>"; };
		2FA2A6B52C13552E00D84090 /* transfrm.h */ = {isa = PBXFileReference; fileEncoding = 4; lastKnownFileType = sourcecode.c.h; name = transfrm.h; path = ../../../common/include/math/transfrm.h; sourceTree = "<group>"; };
		2FA2A6B62C13552E00D84090 /* rotation.h */ = {isa = PBXFileReference; fileEncoding = 4; lastKnownFileType = sourcecode.c.h; name = rotation.h; path = ../../../common/include/math/rotation.h; sourceTree = "<group>"; };
		2FA2A6B72C13552E00D84090 /* trig.h */ = {isa = PBXFileReference; fileEncoding = 4; lastKnownFileType = sourcecode.c.h; name = trig.h; path = ../../../common/include/math/trig.h; sourceTree = "<group>"; };
		2FA2A6B82C13552E00D84090 /* sine.h */ = {isa = PBXFileReference; fileEncoding = 4; lastKnownFileType = sourcecode.c.h; name = sine.h; path = ../../../common/include/math/sine.h; sourceTree = "<group>"; };
		2FA2A6B92C13552E00D84090 /* asine.h */ = {isa = PBXFileReference; fileEncoding = 4; lastKnownFileType = sourcecode.c.h; name = asine.h; path = ../../../common/include/math/asine.h; sourceTree = "<group>"; };
		2FA2A6BA2C13552E00D84090 /* recip.h */ = {isa = PBXFileReference; fileEncoding = 4; lastKnownFileType = sourcecode.c.h; name = recip.h; path = ../../../common/include/math/recip.h; sourceTree = "<group>"; };
/* End PBXFileReference section */

/* Begin PBXFrameworksBuildPhase section */
		2FA2A68E2C1353D600D84090 /* Frameworks */ = {
			isa = PBXFrameworksBuildPhase;
			buildActionMask = 2147483647;
			files = (
			);
			runOnlyForDeploymentPostprocessing = 0;
		};
/* End PBXFrameworksBuildPhase section */

/* Begin PBXGroup section */
		2FA2A6872C1353D600D84090 = {
			isa = PBXGroup;
			children = (
				2FA2A6982C13541800D84090 /* Header Files */,
				2FA2A6972C1353FA00D84090 /* Source Files */,
				2FA2A6912C1353D600D84090 /* Products */,
			);
			sourceTree = "<group>";
		};
		2FA2A6912C1353D600D84090 /* Products */ = {
			isa = PBXGroup;
			children = (
				2FA2A6902C1353D600D84090 /* libmlmath.dylib */,
			);
			name = Products;
			sourceTree = "<group>";
		};
		2FA2A6972C1353FA00D84090 /* Source Files */ = {
			isa = PBXGroup;
			children = (
				2FA2A6AA2C1354F800D84090 /* transfrm.cxx */,
				2FA2A6A92C1354F800D84090 /* vector.cxx */,
				2FA2A69F2C1354D000D84090 /* recip.cxx */,
				2FA2A6A22C1354D000D84090 /* rotation.cxx */,
				2FA2A6A12C1354D000D84090 /* scalar.cxx */,
				2FA2A6A32C1354D000D84090 /* sine.cxx */,
				2FA2A6A02C1354D000D84090 /* sqrt.cxx */,
				2FA2A6992C13549F00D84090 /* asine.cxx */,
				2FA2A69A2C13549F00D84090 /* atan.cxx */,
				2FA2A69B2C13549F00D84090 /* fixed.cxx */,
			);
			name = "Source Files";
			sourceTree = "<group>";
		};
		2FA2A6982C13541800D84090 /* Header Files */ = {
			isa = PBXGroup;
			children = (
				2FA2A6B02C13552E00D84090 /* 3dmath.h */,
				2FA2A6B32C13552E00D84090 /* angle.h */,
				2FA2A6AE2C13552E00D84090 /* anglebr.h */,
				2FA2A6B92C13552E00D84090 /* asine.h */,
				2FA2A6B12C13552E00D84090 /* atan.h */,
				2FA2A6AF2C13552E00D84090 /* mlmath.h */,
				2FA2A6BA2C13552E00D84090 /* recip.h */,
				2FA2A6B62C13552E00D84090 /* rotation.h */,
				2FA2A6B42C13552E00D84090 /* scalar.h */,
				2FA2A6B82C13552E00D84090 /* sine.h */,
				2FA2A6AD2C13552E00D84090 /* sqrt.h */,
				2FA2A6B52C13552E00D84090 /* transfrm.h */,
				2FA2A6B72C13552E00D84090 /* trig.h */,
				2FA2A6B22C13552E00D84090 /* vector.h */,
			);
			name = "Header Files";
			sourceTree = "<group>";
		};
/* End PBXGroup section */

/* Begin PBXHeadersBuildPhase section */
		2FA2A68C2C1353D600D84090 /* Headers */ = {
			isa = PBXHeadersBuildPhase;
			buildActionMask = 2147483647;
			files = (
				2FA2A6C42C13552E00D84090 /* rotation.h in Headers */,
				2FA2A6BF2C13552E00D84090 /* atan.h in Headers */,
				2FA2A6C52C13552E00D84090 /* trig.h in Headers */,
				2FA2A6C62C13552E00D84090 /* sine.h in Headers */,
				2FA2A6BD2C13552E00D84090 /* mlmath.h in Headers */,
				2FA2A6C12C13552E00D84090 /* angle.h in Headers */,
				2FA2A6BC2C13552E00D84090 /* anglebr.h in Headers */,
				2FA2A6C22C13552E00D84090 /* scalar.h in Headers */,
				2FA2A6C32C13552E00D84090 /* transfrm.h in Headers */,
				2FA2A6C02C13552E00D84090 /* vector.h in Headers */,
				2FA2A6BB2C13552E00D84090 /* sqrt.h in Headers */,
				2FA2A6C72C13552E00D84090 /* asine.h in Headers */,
				2FA2A6C82C13552E00D84090 /* recip.h in Headers */,
				2FA2A6BE2C13552E00D84090 /* 3dmath.h in Headers */,
			);
			runOnlyForDeploymentPostprocessing = 0;
		};
/* End PBXHeadersBuildPhase section */

/* Begin PBXNativeTarget section */
		2FA2A68F2C1353D600D84090 /* mlmath */ = {
			isa = PBXNativeTarget;
			buildConfigurationList = 2FA2A6942C1353D600D84090 /* Build configuration list for PBXNativeTarget "mlmath" */;
			buildPhases = (
				2FA2A68C2C1353D600D84090 /* Headers */,
				2FA2A68D2C1353D600D84090 /* Sources */,
				2FA2A68E2C1353D600D84090 /* Frameworks */,
			);
			buildRules = (
			);
			dependencies = (
			);
			name = mlmath;
			productName = mlmath;
			productReference = 2FA2A6902C1353D600D84090 /* libmlmath.dylib */;
			productType = "com.apple.product-type.library.dynamic";
		};
/* End PBXNativeTarget section */

/* Begin PBXProject section */
		2FA2A6882C1353D600D84090 /* Project object */ = {
			isa = PBXProject;
			attributes = {
				BuildIndependentTargetsInParallel = 1;
				LastUpgradeCheck = 1430;
				TargetAttributes = {
					2FA2A68F2C1353D600D84090 = {
						CreatedOnToolsVersion = 14.3.1;
					};
				};
			};
			buildConfigurationList = 2FA2A68B2C1353D600D84090 /* Build configuration list for PBXProject "mlmath" */;
			compatibilityVersion = "Xcode 14.0";
			developmentRegion = en;
			hasScannedForEncodings = 0;
			knownRegions = (
				en,
				Base,
			);
			mainGroup = 2FA2A6872C1353D600D84090;
			productRefGroup = 2FA2A6912C1353D600D84090 /* Products */;
			projectDirPath = "";
			projectRoot = "";
			targets = (
				2FA2A68F2C1353D600D84090 /* mlmath */,
			);
		};
/* End PBXProject section */

/* Begin PBXSourcesBuildPhase section */
		2FA2A68D2C1353D600D84090 /* Sources */ = {
			isa = PBXSourcesBuildPhase;
			buildActionMask = 2147483647;
			files = (
				2FA2A6A82C1354D000D84090 /* sine.cxx in Sources */,
				2FA2A69E2C13549F00D84090 /* fixed.cxx in Sources */,
				2FA2A6AB2C1354F800D84090 /* vector.cxx in Sources */,
				2FA2A6A72C1354D000D84090 /* rotation.cxx in Sources */,
				2FA2A6A52C1354D000D84090 /* sqrt.cxx in Sources */,
				2FA2A6A42C1354D000D84090 /* recip.cxx in Sources */,
				2FA2A6A62C1354D000D84090 /* scalar.cxx in Sources */,
				2FA2A69C2C13549F00D84090 /* asine.cxx in Sources */,
				2FA2A6AC2C1354F800D84090 /* transfrm.cxx in Sources */,
				2FA2A69D2C13549F00D84090 /* atan.cxx in Sources */,
			);
			runOnlyForDeploymentPostprocessing = 0;
		};
/* End PBXSourcesBuildPhase section */

/* Begin XCBuildConfiguration section */
		2FA2A6922C1353D600D84090 /* Debug */ = {
			isa = XCBuildConfiguration;
			buildSettings = {
				ALWAYS_SEARCH_USER_PATHS = NO;
				CLANG_ANALYZER_NONNULL = YES;
				CLANG_ANALYZER_NUMBER_OBJECT_CONVERSION = YES_AGGRESSIVE;
				CLANG_CXX_LANGUAGE_STANDARD = "gnu++20";
				CLANG_ENABLE_MODULES = YES;
				CLANG_ENABLE_OBJC_ARC = YES;
				CLANG_ENABLE_OBJC_WEAK = YES;
				CLANG_WARN_BLOCK_CAPTURE_AUTORELEASING = YES;
				CLANG_WARN_BOOL_CONVERSION = YES;
				CLANG_WARN_COMMA = YES;
				CLANG_WARN_CONSTANT_CONVERSION = YES;
				CLANG_WARN_DEPRECATED_OBJC_IMPLEMENTATIONS = YES;
				CLANG_WARN_DIRECT_OBJC_ISA_USAGE = YES_ERROR;
				CLANG_WARN_DOCUMENTATION_COMMENTS = YES;
				CLANG_WARN_EMPTY_BODY = YES;
				CLANG_WARN_ENUM_CONVERSION = YES;
				CLANG_WARN_INFINITE_RECURSION = YES;
				CLANG_WARN_INT_CONVERSION = YES;
				CLANG_WARN_NON_LITERAL_NULL_CONVERSION = YES;
				CLANG_WARN_OBJC_IMPLICIT_RETAIN_SELF = YES;
				CLANG_WARN_OBJC_LITERAL_CONVERSION = YES;
				CLANG_WARN_OBJC_ROOT_CLASS = YES_ERROR;
				CLANG_WARN_QUOTED_INCLUDE_IN_FRAMEWORK_HEADER = YES;
				CLANG_WARN_RANGE_LOOP_ANALYSIS = YES;
				CLANG_WARN_STRICT_PROTOTYPES = YES;
				CLANG_WARN_SUSPICIOUS_MOVE = YES;
				CLANG_WARN_UNGUARDED_AVAILABILITY = YES_AGGRESSIVE;
				CLANG_WARN_UNREACHABLE_CODE = YES;
				CLANG_WARN__DUPLICATE_METHOD_MATCH = YES;
				COPY_PHASE_STRIP = NO;
				DEBUG_INFORMATION_FORMAT = dwarf;
				ENABLE_STRICT_OBJC_MSGSEND = YES;
				ENABLE_TESTABILITY = YES;
				GCC_C_LANGUAGE_STANDARD = gnu11;
				GCC_DYNAMIC_NO_PIC = NO;
				GCC_NO_COMMON_BLOCKS = YES;
				GCC_OPTIMIZATION_LEVEL = 0;
				GCC_PREPROCESSOR_DEFINITIONS = (
					"DEBUG=1",
					"$(inherited)",
				);
				GCC_WARN_64_TO_32_BIT_CONVERSION = YES;
				GCC_WARN_ABOUT_RETURN_TYPE = YES_ERROR;
				GCC_WARN_UNDECLARED_SELECTOR = YES;
				GCC_WARN_UNINITIALIZED_AUTOS = YES_AGGRESSIVE;
				GCC_WARN_UNUSED_FUNCTION = YES;
				GCC_WARN_UNUSED_VARIABLE = YES;
				MACOSX_DEPLOYMENT_TARGET = 13.3;
				MTL_ENABLE_DEBUG_INFO = INCLUDE_SOURCE;
				MTL_FAST_MATH = YES;
				ONLY_ACTIVE_ARCH = YES;
				SDKROOT = macosx;
			};
			name = Debug;
		};
		2FA2A6932C1353D600D84090 /* Release */ = {
			isa = XCBuildConfiguration;
			buildSettings = {
				ALWAYS_SEARCH_USER_PATHS = NO;
				CLANG_ANALYZER_NONNULL = YES;
				CLANG_ANALYZER_NUMBER_OBJECT_CONVERSION = YES_AGGRESSIVE;
				CLANG_CXX_LANGUAGE_STANDARD = "gnu++20";
				CLANG_ENABLE_MODULES = YES;
				CLANG_ENABLE_OBJC_ARC = YES;
				CLANG_ENABLE_OBJC_WEAK = YES;
				CLANG_WARN_BLOCK_CAPTURE_AUTORELEASING = YES;
				CLANG_WARN_BOOL_CONVERSION = YES;
				CLANG_WARN_COMMA = YES;
				CLANG_WARN_CONSTANT_CONVERSION = YES;
				CLANG_WARN_DEPRECATED_OBJC_IMPLEMENTATIONS = YES;
				CLANG_WARN_DIRECT_OBJC_ISA_USAGE = YES_ERROR;
				CLANG_WARN_DOCUMENTATION_COMMENTS = YES;
				CLANG_WARN_EMPTY_BODY = YES;
				CLANG_WARN_ENUM_CONVERSION = YES;
				CLANG_WARN_INFINITE_RECURSION = YES;
				CLANG_WARN_INT_CONVERSION = YES;
				CLANG_WARN_NON_LITERAL_NULL_CONVERSION = YES;
				CLANG_WARN_OBJC_IMPLICIT_RETAIN_SELF = YES;
				CLANG_WARN_OBJC_LITERAL_CONVERSION = YES;
				CLANG_WARN_OBJC_ROOT_CLASS = YES_ERROR;
				CLANG_WARN_QUOTED_INCLUDE_IN_FRAMEWORK_HEADER = YES;
				CLANG_WARN_RANGE_LOOP_ANALYSIS = YES;
				CLANG_WARN_STRICT_PROTOTYPES = YES;
				CLANG_WARN_SUSPICIOUS_MOVE = YES;
				CLANG_WARN_UNGUARDED_AVAILABILITY = YES_AGGRESSIVE;
				CLANG_WARN_UNREACHABLE_CODE = YES;
				CLANG_WARN__DUPLICATE_METHOD_MATCH = YES;
				COPY_PHASE_STRIP = NO;
				DEBUG_INFORMATION_FORMAT = "dwarf-with-dsym";
				ENABLE_NS_ASSERTIONS = NO;
				ENABLE_STRICT_OBJC_MSGSEND = YES;
				GCC_C_LANGUAGE_STANDARD = gnu11;
				GCC_NO_COMMON_BLOCKS = YES;
				GCC_WARN_64_TO_32_BIT_CONVERSION = YES;
				GCC_WARN_ABOUT_RETURN_TYPE = YES_ERROR;
				GCC_WARN_UNDECLARED_SELECTOR = YES;
				GCC_WARN_UNINITIALIZED_AUTOS = YES_AGGRESSIVE;
				GCC_WARN_UNUSED_FUNCTION = YES;
				GCC_WARN_UNUSED_VARIABLE = YES;
				MACOSX_DEPLOYMENT_TARGET = 13.3;
				MTL_ENABLE_DEBUG_INFO = NO;
				MTL_FAST_MATH = YES;
				SDKROOT = macosx;
			};
			name = Release;
		};
		2FA2A6952C1353D600D84090 /* Debug */ = {
			isa = XCBuildConfiguration;
			buildSettings = {
				CODE_SIGN_STYLE = Automatic;
				DYLIB_COMPATIBILITY_VERSION = 1;
				DYLIB_CURRENT_VERSION = 1;
				EXECUTABLE_PREFIX = lib;
				PRODUCT_NAME = "$(TARGET_NAME)";
				SKIP_INSTALL = YES;
			};
			name = Debug;
		};
		2FA2A6962C1353D600D84090 /* Release */ = {
			isa = XCBuildConfiguration;
			buildSettings = {
				CODE_SIGN_STYLE = Automatic;
				DYLIB_COMPATIBILITY_VERSION = 1;
				DYLIB_CURRENT_VERSION = 1;
				EXECUTABLE_PREFIX = lib;
				PRODUCT_NAME = "$(TARGET_NAME)";
				SKIP_INSTALL = YES;
			};
			name = Release;
		};
/* End XCBuildConfiguration section */

/* Begin XCConfigurationList section */
		2FA2A68B2C1353D600D84090 /* Build configuration list for PBXProject "mlmath" */ = {
			isa = XCConfigurationList;
			buildConfigurations = (
				2FA2A6922C1353D600D84090 /* Debug */,
				2FA2A6932C1353D600D84090 /* Release */,
			);
			defaultConfigurationIsVisible = 0;
			defaultConfigurationName = Release;
		};
		2FA2A6942C1353D600D84090 /* Build configuration list for PBXNativeTarget "mlmath" */ = {
			isa = XCConfigurationList;
			buildConfigurations = (
				2FA2A6952C1353D600D84090 /* Debug */,
				2FA2A6962C1353D600D84090 /* Release */,
			);
			defaultConfigurationIsVisible = 0;
			defaultConfigurationName = Release;
		};
/* End XCConfigurationList section */
	};
	rootObject = 2FA2A6882C1353D600D84090 /* Project object */;
}
