// !$*UTF8*$!
{
	archiveVersion = 1;
	classes = {
	};
	objectVersion = 56;
	objects = {

/* Begin PBXBuildFile section */
		2F2C80732C18D23B00021394 /* 3dmath.h in Headers */ = {isa = PBXBuildFile; fileRef = 2F2C80652C18D23B00021394 /* 3dmath.h */; settings = {ATTRIBUTES = (Public, ); }; };
		2F2C80742C18D23B00021394 /* recip.h in Headers */ = {isa = PBXBuildFile; fileRef = 2F2C80662C18D23B00021394 /* recip.h */; settings = {ATTRIBUTES = (Public, ); }; };
		2F2C80752C18D23B00021394 /* rotation.h in Headers */ = {isa = PBXBuildFile; fileRef = 2F2C80672C18D23B00021394 /* rotation.h */; settings = {ATTRIBUTES = (Public, ); }; };
		2F2C80762C18D23B00021394 /* sqrt.h in Headers */ = {isa = PBXBuildFile; fileRef = 2F2C80682C18D23B00021394 /* sqrt.h */; settings = {ATTRIBUTES = (Public, ); }; };
		2F2C80772C18D23B00021394 /* trig.h in Headers */ = {isa = PBXBuildFile; fileRef = 2F2C80692C18D23B00021394 /* trig.h */; settings = {ATTRIBUTES = (Public, ); }; };
		2F2C80782C18D23B00021394 /* scalar.h in Headers */ = {isa = PBXBuildFile; fileRef = 2F2C806A2C18D23B00021394 /* scalar.h */; settings = {ATTRIBUTES = (Public, ); }; };
		2F2C80792C18D23B00021394 /* asine.h in Headers */ = {isa = PBXBuildFile; fileRef = 2F2C806B2C18D23B00021394 /* asine.h */; settings = {ATTRIBUTES = (Public, ); }; };
		2F2C807A2C18D23B00021394 /* vector.h in Headers */ = {isa = PBXBuildFile; fileRef = 2F2C806C2C18D23B00021394 /* vector.h */; settings = {ATTRIBUTES = (Public, ); }; };
		2F2C807B2C18D23B00021394 /* mlmath.h in Headers */ = {isa = PBXBuildFile; fileRef = 2F2C806D2C18D23B00021394 /* mlmath.h */; settings = {ATTRIBUTES = (Public, ); }; };
		2F2C807C2C18D23B00021394 /* anglebr.h in Headers */ = {isa = PBXBuildFile; fileRef = 2F2C806E2C18D23B00021394 /* anglebr.h */; settings = {ATTRIBUTES = (Public, ); }; };
		2F2C807D2C18D23B00021394 /* atan.h in Headers */ = {isa = PBXBuildFile; fileRef = 2F2C806F2C18D23B00021394 /* atan.h */; settings = {ATTRIBUTES = (Public, ); }; };
		2F2C807E2C18D23B00021394 /* transfrm.h in Headers */ = {isa = PBXBuildFile; fileRef = 2F2C80702C18D23B00021394 /* transfrm.h */; settings = {ATTRIBUTES = (Public, ); }; };
		2F2C807F2C18D23B00021394 /* sine.h in Headers */ = {isa = PBXBuildFile; fileRef = 2F2C80712C18D23B00021394 /* sine.h */; settings = {ATTRIBUTES = (Public, ); }; };
		2F2C80802C18D23B00021394 /* angle.h in Headers */ = {isa = PBXBuildFile; fileRef = 2F2C80722C18D23B00021394 /* angle.h */; settings = {ATTRIBUTES = (Public, ); }; };
		2F2C80842C18D25900021394 /* fixed.cxx in Sources */ = {isa = PBXBuildFile; fileRef = 2F2C80812C18D25900021394 /* fixed.cxx */; };
		2F2C80852C18D25900021394 /* asine.cxx in Sources */ = {isa = PBXBuildFile; fileRef = 2F2C80822C18D25900021394 /* asine.cxx */; };
		2F2C80862C18D25900021394 /* atan.cxx in Sources */ = {isa = PBXBuildFile; fileRef = 2F2C80832C18D25900021394 /* atan.cxx */; };
		2F2C808C2C18D26F00021394 /* recip.cxx in Sources */ = {isa = PBXBuildFile; fileRef = 2F2C80872C18D26F00021394 /* recip.cxx */; };
		2F2C808D2C18D26F00021394 /* sine.cxx in Sources */ = {isa = PBXBuildFile; fileRef = 2F2C80882C18D26F00021394 /* sine.cxx */; };
		2F2C808E2C18D26F00021394 /* sqrt.cxx in Sources */ = {isa = PBXBuildFile; fileRef = 2F2C80892C18D26F00021394 /* sqrt.cxx */; };
		2F2C808F2C18D26F00021394 /* rotation.cxx in Sources */ = {isa = PBXBuildFile; fileRef = 2F2C808A2C18D26F00021394 /* rotation.cxx */; };
		2F2C80902C18D26F00021394 /* scalar.cxx in Sources */ = {isa = PBXBuildFile; fileRef = 2F2C808B2C18D26F00021394 /* scalar.cxx */; };
		2F2C80932C18D28800021394 /* transfrm.cxx in Sources */ = {isa = PBXBuildFile; fileRef = 2F2C80912C18D28800021394 /* transfrm.cxx */; };
		2F2C80942C18D28800021394 /* vector.cxx in Sources */ = {isa = PBXBuildFile; fileRef = 2F2C80922C18D28800021394 /* vector.cxx */; };
/* End PBXBuildFile section */

/* Begin PBXFileReference section */
		2F2C80652C18D23B00021394 /* 3dmath.h */ = {isa = PBXFileReference; fileEncoding = 4; lastKnownFileType = sourcecode.c.h; name = 3dmath.h; path = ../common/include/math/3dmath.h; sourceTree = "<group>"; };
		2F2C80662C18D23B00021394 /* recip.h */ = {isa = PBXFileReference; fileEncoding = 4; lastKnownFileType = sourcecode.c.h; name = recip.h; path = ../common/include/math/recip.h; sourceTree = "<group>"; };
		2F2C80672C18D23B00021394 /* rotation.h */ = {isa = PBXFileReference; fileEncoding = 4; lastKnownFileType = sourcecode.c.h; name = rotation.h; path = ../common/include/math/rotation.h; sourceTree = "<group>"; };
		2F2C80682C18D23B00021394 /* sqrt.h */ = {isa = PBXFileReference; fileEncoding = 4; lastKnownFileType = sourcecode.c.h; name = sqrt.h; path = ../common/include/math/sqrt.h; sourceTree = "<group>"; };
		2F2C80692C18D23B00021394 /* trig.h */ = {isa = PBXFileReference; fileEncoding = 4; lastKnownFileType = sourcecode.c.h; name = trig.h; path = ../common/include/math/trig.h; sourceTree = "<group>"; };
		2F2C806A2C18D23B00021394 /* scalar.h */ = {isa = PBXFileReference; fileEncoding = 4; lastKnownFileType = sourcecode.c.h; name = scalar.h; path = ../common/include/math/scalar.h; sourceTree = "<group>"; };
		2F2C806B2C18D23B00021394 /* asine.h */ = {isa = PBXFileReference; fileEncoding = 4; lastKnownFileType = sourcecode.c.h; name = asine.h; path = ../common/include/math/asine.h; sourceTree = "<group>"; };
		2F2C806C2C18D23B00021394 /* vector.h */ = {isa = PBXFileReference; fileEncoding = 4; lastKnownFileType = sourcecode.c.h; name = vector.h; path = ../common/include/math/vector.h; sourceTree = "<group>"; };
		2F2C806D2C18D23B00021394 /* mlmath.h */ = {isa = PBXFileReference; fileEncoding = 4; lastKnownFileType = sourcecode.c.h; name = mlmath.h; path = ../common/include/math/mlmath.h; sourceTree = "<group>"; };
		2F2C806E2C18D23B00021394 /* anglebr.h */ = {isa = PBXFileReference; fileEncoding = 4; lastKnownFileType = sourcecode.c.h; name = anglebr.h; path = ../common/include/math/anglebr.h; sourceTree = "<group>"; };
		2F2C806F2C18D23B00021394 /* atan.h */ = {isa = PBXFileReference; fileEncoding = 4; lastKnownFileType = sourcecode.c.h; name = atan.h; path = ../common/include/math/atan.h; sourceTree = "<group>"; };
		2F2C80702C18D23B00021394 /* transfrm.h */ = {isa = PBXFileReference; fileEncoding = 4; lastKnownFileType = sourcecode.c.h; name = transfrm.h; path = ../common/include/math/transfrm.h; sourceTree = "<group>"; };
		2F2C80712C18D23B00021394 /* sine.h */ = {isa = PBXFileReference; fileEncoding = 4; lastKnownFileType = sourcecode.c.h; name = sine.h; path = ../common/include/math/sine.h; sourceTree = "<group>"; };
		2F2C80722C18D23B00021394 /* angle.h */ = {isa = PBXFileReference; fileEncoding = 4; lastKnownFileType = sourcecode.c.h; name = angle.h; path = ../common/include/math/angle.h; sourceTree = "<group>"; };
		2F2C80812C18D25900021394 /* fixed.cxx */ = {isa = PBXFileReference; fileEncoding = 4; lastKnownFileType = sourcecode.cpp.cpp; name = fixed.cxx; path = ../common/src/fixed.cxx; sourceTree = "<group>"; };
		2F2C80822C18D25900021394 /* asine.cxx */ = {isa = PBXFileReference; fileEncoding = 4; lastKnownFileType = sourcecode.cpp.cpp; name = asine.cxx; path = ../common/src/asine.cxx; sourceTree = "<group>"; };
		2F2C80832C18D25900021394 /* atan.cxx */ = {isa = PBXFileReference; fileEncoding = 4; lastKnownFileType = sourcecode.cpp.cpp; name = atan.cxx; path = ../common/src/atan.cxx; sourceTree = "<group>"; };
		2F2C80872C18D26F00021394 /* recip.cxx */ = {isa = PBXFileReference; fileEncoding = 4; lastKnownFileType = sourcecode.cpp.cpp; name = recip.cxx; path = ../common/src/recip.cxx; sourceTree = "<group>"; };
		2F2C80882C18D26F00021394 /* sine.cxx */ = {isa = PBXFileReference; fileEncoding = 4; lastKnownFileType = sourcecode.cpp.cpp; name = sine.cxx; path = ../common/src/sine.cxx; sourceTree = "<group>"; };
		2F2C80892C18D26F00021394 /* sqrt.cxx */ = {isa = PBXFileReference; fileEncoding = 4; lastKnownFileType = sourcecode.cpp.cpp; name = sqrt.cxx; path = ../common/src/sqrt.cxx; sourceTree = "<group>"; };
		2F2C808A2C18D26F00021394 /* rotation.cxx */ = {isa = PBXFileReference; fileEncoding = 4; lastKnownFileType = sourcecode.cpp.cpp; name = rotation.cxx; path = ../common/src/rotation.cxx; sourceTree = "<group>"; };
		2F2C808B2C18D26F00021394 /* scalar.cxx */ = {isa = PBXFileReference; fileEncoding = 4; lastKnownFileType = sourcecode.cpp.cpp; name = scalar.cxx; path = ../common/src/scalar.cxx; sourceTree = "<group>"; };
		2F2C80912C18D28800021394 /* transfrm.cxx */ = {isa = PBXFileReference; fileEncoding = 4; lastKnownFileType = sourcecode.cpp.cpp; name = transfrm.cxx; path = ../common/src/transfrm.cxx; sourceTree = "<group>"; };
		2F2C80922C18D28800021394 /* vector.cxx */ = {isa = PBXFileReference; fileEncoding = 4; lastKnownFileType = sourcecode.cpp.cpp; name = vector.cxx; path = ../common/src/vector.cxx; sourceTree = "<group>"; };
		2FA2A6902C1353D600D84090 /* libmlmath.dylib */ = {isa = PBXFileReference; explicitFileType = "compiled.mach-o.dylib"; includeInIndex = 0; path = libmlmath.dylib; sourceTree = BUILT_PRODUCTS_DIR; };
/* End PBXFileReference section */

/* Begin PBXFrameworksBuildPhase section */
		2FA2A68E2C1353D600D84090 /* Frameworks */ = {
			isa = PBXFrameworksBuildPhase;
			buildActionMask = 2147483647;
			files = (
			);
			runOnlyForDeploymentPostprocessing = 0;
		};
/* End PBXFrameworksBuildPhase section */

/* Begin PBXGroup section */
		2FA2A6872C1353D600D84090 = {
			isa = PBXGroup;
			children = (
				2FA2A6982C13541800D84090 /* Header Files */,
				2FA2A6972C1353FA00D84090 /* Source Files */,
				2FA2A6912C1353D600D84090 /* Products */,
			);
			sourceTree = "<group>";
		};
		2FA2A6912C1353D600D84090 /* Products */ = {
			isa = PBXGroup;
			children = (
				2FA2A6902C1353D600D84090 /* libmlmath.dylib */,
			);
			name = Products;
			sourceTree = "<group>";
		};
		2FA2A6972C1353FA00D84090 /* Source Files */ = {
			isa = PBXGroup;
			children = (
				2F2C80912C18D28800021394 /* transfrm.cxx */,
				2F2C80922C18D28800021394 /* vector.cxx */,
				2F2C80872C18D26F00021394 /* recip.cxx */,
				2F2C808A2C18D26F00021394 /* rotation.cxx */,
				2F2C808B2C18D26F00021394 /* scalar.cxx */,
				2F2C80882C18D26F00021394 /* sine.cxx */,
				2F2C80892C18D26F00021394 /* sqrt.cxx */,
				2F2C80822C18D25900021394 /* asine.cxx */,
				2F2C80832C18D25900021394 /* atan.cxx */,
				2F2C80812C18D25900021394 /* fixed.cxx */,
			);
			name = "Source Files";
			sourceTree = "<group>";
		};
		2FA2A6982C13541800D84090 /* Header Files */ = {
			isa = PBXGroup;
			children = (
				2F2C80652C18D23B00021394 /* 3dmath.h */,
				2F2C80722C18D23B00021394 /* angle.h */,
				2F2C806E2C18D23B00021394 /* anglebr.h */,
				2F2C806B2C18D23B00021394 /* asine.h */,
				2F2C806F2C18D23B00021394 /* atan.h */,
				2F2C806D2C18D23B00021394 /* mlmath.h */,
				2F2C80662C18D23B00021394 /* recip.h */,
				2F2C80672C18D23B00021394 /* rotation.h */,
				2F2C806A2C18D23B00021394 /* scalar.h */,
				2F2C80712C18D23B00021394 /* sine.h */,
				2F2C80682C18D23B00021394 /* sqrt.h */,
				2F2C80702C18D23B00021394 /* transfrm.h */,
				2F2C80692C18D23B00021394 /* trig.h */,
				2F2C806C2C18D23B00021394 /* vector.h */,
			);
			name = "Header Files";
			sourceTree = "<group>";
		};
/* End PBXGroup section */

/* Begin PBXHeadersBuildPhase section */
		2FA2A68C2C1353D600D84090 /* Headers */ = {
			isa = PBXHeadersBuildPhase;
			buildActionMask = 2147483647;
			files = (
				2F2C807F2C18D23B00021394 /* sine.h in Headers */,
				2F2C807B2C18D23B00021394 /* mlmath.h in Headers */,
				2F2C80802C18D23B00021394 /* angle.h in Headers */,
				2F2C80772C18D23B00021394 /* trig.h in Headers */,
				2F2C807A2C18D23B00021394 /* vector.h in Headers */,
				2F2C80752C18D23B00021394 /* rotation.h in Headers */,
				2F2C80742C18D23B00021394 /* recip.h in Headers */,
				2F2C807E2C18D23B00021394 /* transfrm.h in Headers */,
				2F2C80762C18D23B00021394 /* sqrt.h in Headers */,
				2F2C807C2C18D23B00021394 /* anglebr.h in Headers */,
				2F2C80792C18D23B00021394 /* asine.h in Headers */,
				2F2C807D2C18D23B00021394 /* atan.h in Headers */,
				2F2C80782C18D23B00021394 /* scalar.h in Headers */,
				2F2C80732C18D23B00021394 /* 3dmath.h in Headers */,
			);
			runOnlyForDeploymentPostprocessing = 0;
		};
/* End PBXHeadersBuildPhase section */

/* Begin PBXNativeTarget section */
		2FA2A68F2C1353D600D84090 /* mlmath */ = {
			isa = PBXNativeTarget;
			buildConfigurationList = 2FA2A6942C1353D600D84090 /* Build configuration list for PBXNativeTarget "mlmath" */;
			buildPhases = (
				2FA2A68C2C1353D600D84090 /* Headers */,
				2FA2A68D2C1353D600D84090 /* Sources */,
				2FA2A68E2C1353D600D84090 /* Frameworks */,
				2FEE78032C17A9090003B13B /* Install libmlmath Library */,
			);
			buildRules = (
			);
			dependencies = (
			);
			name = mlmath;
			productName = mlmath;
			productReference = 2FA2A6902C1353D600D84090 /* libmlmath.dylib */;
			productType = "com.apple.product-type.library.dynamic";
		};
/* End PBXNativeTarget section */

/* Begin PBXProject section */
		2FA2A6882C1353D600D84090 /* Project object */ = {
			isa = PBXProject;
			attributes = {
				BuildIndependentTargetsInParallel = 1;
				LastUpgradeCheck = 1430;
				TargetAttributes = {
					2FA2A68F2C1353D600D84090 = {
						CreatedOnToolsVersion = 14.3.1;
					};
				};
			};
			buildConfigurationList = 2FA2A68B2C1353D600D84090 /* Build configuration list for PBXProject "mlmath" */;
			compatibilityVersion = "Xcode 14.0";
			developmentRegion = en;
			hasScannedForEncodings = 0;
			knownRegions = (
				en,
				Base,
			);
			mainGroup = 2FA2A6872C1353D600D84090;
			productRefGroup = 2FA2A6912C1353D600D84090 /* Products */;
			projectDirPath = "";
			projectRoot = "";
			targets = (
				2FA2A68F2C1353D600D84090 /* mlmath */,
			);
		};
/* End PBXProject section */

/* Begin PBXShellScriptBuildPhase section */
		2FEE78032C17A9090003B13B /* Install libmlmath Library */ = {
			isa = PBXShellScriptBuildPhase;
			buildActionMask = 2147483647;
			files = (
			);
			inputFileListPaths = (
			);
			inputPaths = (
			);
			name = "Install libmlmath Library";
			outputFileListPaths = (
			);
			outputPaths = (
			);
			runOnlyForDeploymentPostprocessing = 0;
			shellPath = /bin/sh;
			shellScript = "echo \"Installing libmlmath.dylib and headers files.\"\necho `pwd`\necho ${BUILT_PRODUCTS_DIR}\n\nif [ -d \"/opt/MagicLantern/lib\" ] \nthen\n    echo \"Directory /opt/MagicLantern/lib exists.\" \nelse\n    #echo \"Warning: Directory /opt/MagicLantern/lib does not exist. Creating it.\"\n    #sudo mkdir -p /opt/MagicLantern/lib\n\n    echo \"Error: Directory /opt/MagicLantern/lib does not exist.\"\n    exit 1\nfi\n\necho \"Installing libmlmath.dylib to /opt/MagicLantern/lib.\"\ncp ${BUILT_PRODUCTS_DIR}/libmlmath.dylib /opt/MagicLantern/lib\n\nif [ -d \"/opt/MagicLantern/include/math\" ] \nthen\n    echo \"Directory /opt/MagicLantern/include/math exists.\" \nelse\n    #echo \"Warning: Directory /opt/MagicLantern/include/math does not exist. Creating it.\"\n    #sudo mkdir -p /opt/MagicLantern/include/math\n        \n    echo \"Error: Directory /opt/MagicLantern/include/math does not existt.\"\n    exit 1\nfi\n\necho \"Installing libmlmath header files to /opt/MagicLantern/include/math.\"\ncp -R ${BUILT_PRODUCTS_DIR}/usr/local/include/* /opt/MagicLantern/include/math\n";
		};
/* End PBXShellScriptBuildPhase section */

/* Begin PBXSourcesBuildPhase section */
		2FA2A68D2C1353D600D84090 /* Sources */ = {
			isa = PBXSourcesBuildPhase;
			buildActionMask = 2147483647;
			files = (
				2F2C80852C18D25900021394 /* asine.cxx in Sources */,
				2F2C80902C18D26F00021394 /* scalar.cxx in Sources */,
				2F2C808F2C18D26F00021394 /* rotation.cxx in Sources */,
				2F2C808D2C18D26F00021394 /* sine.cxx in Sources */,
				2F2C80942C18D28800021394 /* vector.cxx in Sources */,
				2F2C808C2C18D26F00021394 /* recip.cxx in Sources */,
				2F2C80842C18D25900021394 /* fixed.cxx in Sources */,
				2F2C80862C18D25900021394 /* atan.cxx in Sources */,
				2F2C80932C18D28800021394 /* transfrm.cxx in Sources */,
				2F2C808E2C18D26F00021394 /* sqrt.cxx in Sources */,
			);
			runOnlyForDeploymentPostprocessing = 0;
		};
/* End PBXSourcesBuildPhase section */

/* Begin XCBuildConfiguration section */
		2FA2A6922C1353D600D84090 /* Debug */ = {
			isa = XCBuildConfiguration;
			buildSettings = {
				ALWAYS_SEARCH_USER_PATHS = NO;
				CLANG_ANALYZER_NONNULL = YES;
				CLANG_ANALYZER_NUMBER_OBJECT_CONVERSION = YES_AGGRESSIVE;
				CLANG_CXX_LANGUAGE_STANDARD = "gnu++20";
				CLANG_ENABLE_MODULES = YES;
				CLANG_ENABLE_OBJC_ARC = YES;
				CLANG_ENABLE_OBJC_WEAK = YES;
				CLANG_WARN_BLOCK_CAPTURE_AUTORELEASING = YES;
				CLANG_WARN_BOOL_CONVERSION = YES;
				CLANG_WARN_COMMA = YES;
				CLANG_WARN_CONSTANT_CONVERSION = YES;
				CLANG_WARN_DEPRECATED_OBJC_IMPLEMENTATIONS = YES;
				CLANG_WARN_DIRECT_OBJC_ISA_USAGE = YES_ERROR;
				CLANG_WARN_DOCUMENTATION_COMMENTS = YES;
				CLANG_WARN_EMPTY_BODY = YES;
				CLANG_WARN_ENUM_CONVERSION = YES;
				CLANG_WARN_INFINITE_RECURSION = YES;
				CLANG_WARN_INT_CONVERSION = YES;
				CLANG_WARN_NON_LITERAL_NULL_CONVERSION = YES;
				CLANG_WARN_OBJC_IMPLICIT_RETAIN_SELF = YES;
				CLANG_WARN_OBJC_LITERAL_CONVERSION = YES;
				CLANG_WARN_OBJC_ROOT_CLASS = YES_ERROR;
				CLANG_WARN_QUOTED_INCLUDE_IN_FRAMEWORK_HEADER = YES;
				CLANG_WARN_RANGE_LOOP_ANALYSIS = YES;
				CLANG_WARN_STRICT_PROTOTYPES = YES;
				CLANG_WARN_SUSPICIOUS_MOVE = YES;
				CLANG_WARN_UNGUARDED_AVAILABILITY = YES_AGGRESSIVE;
				CLANG_WARN_UNREACHABLE_CODE = YES;
				CLANG_WARN__DUPLICATE_METHOD_MATCH = YES;
				COPY_PHASE_STRIP = NO;
				DEBUG_INFORMATION_FORMAT = dwarf;
				ENABLE_STRICT_OBJC_MSGSEND = YES;
				ENABLE_TESTABILITY = YES;
				GCC_C_LANGUAGE_STANDARD = gnu11;
				GCC_DYNAMIC_NO_PIC = NO;
				GCC_NO_COMMON_BLOCKS = YES;
				GCC_OPTIMIZATION_LEVEL = 0;
				GCC_PREPROCESSOR_DEFINITIONS = (
					MLMATH_EXPORTS,
					MLE_NOT_DLL,
					"ML_FIXED_POINT=0",
					"ML_MATH_DEBUG=1",
					"DEBUG=1",
				);
				GCC_WARN_64_TO_32_BIT_CONVERSION = YES;
				GCC_WARN_ABOUT_RETURN_TYPE = YES_ERROR;
				GCC_WARN_UNDECLARED_SELECTOR = YES;
				GCC_WARN_UNINITIALIZED_AUTOS = YES_AGGRESSIVE;
				GCC_WARN_UNUSED_FUNCTION = YES;
				GCC_WARN_UNUSED_VARIABLE = YES;
				MACOSX_DEPLOYMENT_TARGET = 13.3;
				MTL_ENABLE_DEBUG_INFO = INCLUDE_SOURCE;
				MTL_FAST_MATH = YES;
				ONLY_ACTIVE_ARCH = YES;
				SDKROOT = macosx;
			};
			name = Debug;
		};
		2FA2A6932C1353D600D84090 /* Release */ = {
			isa = XCBuildConfiguration;
			buildSettings = {
				ALWAYS_SEARCH_USER_PATHS = NO;
				CLANG_ANALYZER_NONNULL = YES;
				CLANG_ANALYZER_NUMBER_OBJECT_CONVERSION = YES_AGGRESSIVE;
				CLANG_CXX_LANGUAGE_STANDARD = "gnu++20";
				CLANG_ENABLE_MODULES = YES;
				CLANG_ENABLE_OBJC_ARC = YES;
				CLANG_ENABLE_OBJC_WEAK = YES;
				CLANG_WARN_BLOCK_CAPTURE_AUTORELEASING = YES;
				CLANG_WARN_BOOL_CONVERSION = YES;
				CLANG_WARN_COMMA = YES;
				CLANG_WARN_CONSTANT_CONVERSION = YES;
				CLANG_WARN_DEPRECATED_OBJC_IMPLEMENTATIONS = YES;
				CLANG_WARN_DIRECT_OBJC_ISA_USAGE = YES_ERROR;
				CLANG_WARN_DOCUMENTATION_COMMENTS = YES;
				CLANG_WARN_EMPTY_BODY = YES;
				CLANG_WARN_ENUM_CONVERSION = YES;
				CLANG_WARN_INFINITE_RECURSION = YES;
				CLANG_WARN_INT_CONVERSION = YES;
				CLANG_WARN_NON_LITERAL_NULL_CONVERSION = YES;
				CLANG_WARN_OBJC_IMPLICIT_RETAIN_SELF = YES;
				CLANG_WARN_OBJC_LITERAL_CONVERSION = YES;
				CLANG_WARN_OBJC_ROOT_CLASS = YES_ERROR;
				CLANG_WARN_QUOTED_INCLUDE_IN_FRAMEWORK_HEADER = YES;
				CLANG_WARN_RANGE_LOOP_ANALYSIS = YES;
				CLANG_WARN_STRICT_PROTOTYPES = YES;
				CLANG_WARN_SUSPICIOUS_MOVE = YES;
				CLANG_WARN_UNGUARDED_AVAILABILITY = YES_AGGRESSIVE;
				CLANG_WARN_UNREACHABLE_CODE = YES;
				CLANG_WARN__DUPLICATE_METHOD_MATCH = YES;
				COPY_PHASE_STRIP = NO;
				DEBUG_INFORMATION_FORMAT = "dwarf-with-dsym";
				ENABLE_NS_ASSERTIONS = NO;
				ENABLE_STRICT_OBJC_MSGSEND = YES;
				GCC_C_LANGUAGE_STANDARD = gnu11;
				GCC_NO_COMMON_BLOCKS = YES;
				GCC_PREPROCESSOR_DEFINITIONS = (
					MLMATH_EXPORTS,
					MLE_NOT_DLL,
					"ML_FIXED_POINT=0",
				);
				GCC_WARN_64_TO_32_BIT_CONVERSION = YES;
				GCC_WARN_ABOUT_RETURN_TYPE = YES_ERROR;
				GCC_WARN_UNDECLARED_SELECTOR = YES;
				GCC_WARN_UNINITIALIZED_AUTOS = YES_AGGRESSIVE;
				GCC_WARN_UNUSED_FUNCTION = YES;
				GCC_WARN_UNUSED_VARIABLE = YES;
				MACOSX_DEPLOYMENT_TARGET = 13.3;
				MTL_ENABLE_DEBUG_INFO = NO;
				MTL_FAST_MATH = YES;
				SDKROOT = macosx;
			};
			name = Release;
		};
		2FA2A6952C1353D600D84090 /* Debug */ = {
			isa = XCBuildConfiguration;
			buildSettings = {
				ALTERNATE_GROUP = wizzerworks;
				ALTERNATE_OWNER = wizzerworks;
				CODE_SIGN_STYLE = Automatic;
				DYLIB_COMPATIBILITY_VERSION = 1;
				DYLIB_CURRENT_VERSION = 1;
				EXECUTABLE_PREFIX = lib;
				HEADER_SEARCH_PATHS = (
					../../common/include,
					/opt/MagicLantern/include,
				);
				INSTALL_GROUP = wizzerworks;
				INSTALL_OWNER = wizzerworks;
				INSTALL_PATH = /opt/MagicLantern/lib;
				OTHER_CFLAGS = "";
				PRODUCT_NAME = "$(TARGET_NAME)";
				SKIP_INSTALL = NO;
			};
			name = Debug;
		};
		2FA2A6962C1353D600D84090 /* Release */ = {
			isa = XCBuildConfiguration;
			buildSettings = {
				ALTERNATE_GROUP = wizzerworks;
				ALTERNATE_OWNER = wizzerworks;
				CODE_SIGN_STYLE = Automatic;
				DYLIB_COMPATIBILITY_VERSION = 1;
				DYLIB_CURRENT_VERSION = 1;
				EXECUTABLE_PREFIX = lib;
				HEADER_SEARCH_PATHS = (
					../../common/include,
					/opt/MagicLantern/include,
				);
				INSTALL_GROUP = wizzerworks;
				INSTALL_OWNER = wizzerworks;
				INSTALL_PATH = /opt/MagicLantern/lib;
				OTHER_CFLAGS = "";
				PRODUCT_NAME = "$(TARGET_NAME)";
				SKIP_INSTALL = NO;
			};
			name = Release;
		};
/* End XCBuildConfiguration section */

/* Begin XCConfigurationList section */
		2FA2A68B2C1353D600D84090 /* Build configuration list for PBXProject "mlmath" */ = {
			isa = XCConfigurationList;
			buildConfigurations = (
				2FA2A6922C1353D600D84090 /* Debug */,
				2FA2A6932C1353D600D84090 /* Release */,
			);
			defaultConfigurationIsVisible = 0;
			defaultConfigurationName = Release;
		};
		2FA2A6942C1353D600D84090 /* Build configuration list for PBXNativeTarget "mlmath" */ = {
			isa = XCConfigurationList;
			buildConfigurations = (
				2FA2A6952C1353D600D84090 /* Debug */,
				2FA2A6962C1353D600D84090 /* Release */,
			);
			defaultConfigurationIsVisible = 0;
			defaultConfigurationName = Release;
		};
/* End XCConfigurationList section */
	};
	rootObject = 2FA2A6882C1353D600D84090 /* Project object */;
}
